
Microsoft Visual Studio Solution File, Format Version 12.00
# Visual Studio Version 17
VisualStudioVersion = 17.14.36203.30 d17.14
MinimumVisualStudioVersion = 10.0.40219.1
Project("{888888A0-9F3D-457C-B088-3A5042F75D52}") = "phython project quiz", "phython project quiz\phython project quiz.pyproj", "{B97C9539-C3FC-4AD5-9C75-E849A42A9FDB}"
EndProject
Global
	GlobalSection(SolutionConfigurationPlatforms) = preSolution
		Debug|Any CPU = Debug|Any CPU
		Release|Any CPU = Release|Any CPU
	EndGlobalSection
	GlobalSection(ProjectConfigurationPlatforms) = postSolution
		{B97C9539-C3FC-4AD5-9C75-E849A42A9FDB}.Debug|Any CPU.ActiveCfg = Debug|Any CPU
		{B97C9539-C3FC-4AD5-9C75-E849A42A9FDB}.Release|Any CPU.ActiveCfg = Release|Any CPU
	EndGlobalSection
	GlobalSection(SolutionProperties) = preSolution
		HideSolutionNode = FALSE
	EndGlobalSection
	GlobalSection(ExtensibilityGlobals) = postSolution
		SolutionGuid = {526E2E13-E7F1-4589-99DC-5499E83DC995}
	EndGlobalSection
EndGlobal
