
Microsoft Visual Studio Solution File, Format Version 12.00
# Visual Studio Version 17
VisualStudioVersion = 17.14.36203.30 d17.14
MinimumVisualStudioVersion = 10.0.40219.1
Project("{888888A0-9F3D-457C-B088-3A5042F75D52}") = "cinderella game", "cinderella game\cinderella game.pyproj", "{440A499F-C510-42E9-99EC-08D4D4BA6F61}"
EndProject
Global
	GlobalSection(SolutionConfigurationPlatforms) = preSolution
		Debug|Any CPU = Debug|Any CPU
		Release|Any CPU = Release|Any CPU
	EndGlobalSection
	GlobalSection(ProjectConfigurationPlatforms) = postSolution
		{440A499F-C510-42E9-99EC-08D4D4BA6F61}.Debug|Any CPU.ActiveCfg = Debug|Any CPU
		{440A499F-C510-42E9-99EC-08D4D4BA6F61}.Release|Any CPU.ActiveCfg = Release|Any CPU
	EndGlobalSection
	GlobalSection(SolutionProperties) = preSolution
		HideSolutionNode = FALSE
	EndGlobalSection
	GlobalSection(ExtensibilityGlobals) = postSolution
		SolutionGuid = {0E56682F-883D-441F-813B-B62FE0D3A744}
	EndGlobalSection
EndGlobal
