
Microsoft Visual Studio Solution File, Format Version 12.00
# Visual Studio Version 17
VisualStudioVersion = 17.14.36203.30 d17.14
MinimumVisualStudioVersion = 10.0.40219.1
Project("{888888A0-9F3D-457C-B088-3A5042F75D52}") = "grep", "grep\grep.pyproj", "{0495BD47-4357-4B1F-9464-4DFD4AB7BCCE}"
EndProject
Global
	GlobalSection(SolutionConfigurationPlatforms) = preSolution
		Debug|Any CPU = Debug|Any CPU
		Release|Any CPU = Release|Any CPU
	EndGlobalSection
	GlobalSection(ProjectConfigurationPlatforms) = postSolution
		{0495BD47-4357-4B1F-9464-4DFD4AB7BCCE}.Debug|Any CPU.ActiveCfg = Debug|Any CPU
		{0495BD47-4357-4B1F-9464-4DFD4AB7BCCE}.Release|Any CPU.ActiveCfg = Release|Any CPU
	EndGlobalSection
	GlobalSection(SolutionProperties) = preSolution
		HideSolutionNode = FALSE
	EndGlobalSection
	GlobalSection(ExtensibilityGlobals) = postSolution
		SolutionGuid = {854257FF-A6DD-405E-8C93-79F85F8A8BCD}
	EndGlobalSection
EndGlobal
