
Microsoft Visual Studio Solution File, Format Version 12.00
# Visual Studio Version 17
VisualStudioVersion = 17.14.36203.30 d17.14
MinimumVisualStudioVersion = 10.0.40219.1
Project("{888888A0-9F3D-457C-B088-3A5042F75D52}") = "zodiac signs", "zodiac signs\zodiac signs.pyproj", "{35E5A260-7E36-4362-90BA-5C3B6D297D95}"
EndProject
Global
	GlobalSection(SolutionConfigurationPlatforms) = preSolution
		Debug|Any CPU = Debug|Any CPU
		Release|Any CPU = Release|Any CPU
	EndGlobalSection
	GlobalSection(ProjectConfigurationPlatforms) = postSolution
		{35E5A260-7E36-4362-90BA-5C3B6D297D95}.Debug|Any CPU.ActiveCfg = Debug|Any CPU
		{35E5A260-7E36-4362-90BA-5C3B6D297D95}.Release|Any CPU.ActiveCfg = Release|Any CPU
	EndGlobalSection
	GlobalSection(SolutionProperties) = preSolution
		HideSolutionNode = FALSE
	EndGlobalSection
	GlobalSection(ExtensibilityGlobals) = postSolution
		SolutionGuid = {AC15AAF8-9169-4767-BA1E-CDCF4904EADF}
	EndGlobalSection
EndGlobal
