
Microsoft Visual Studio Solution File, Format Version 12.00
# Visual Studio Version 17
VisualStudioVersion = 17.14.36203.30 d17.14
MinimumVisualStudioVersion = 10.0.40219.1
Project("{888888A0-9F3D-457C-B088-3A5042F75D52}") = "Secret Diary", "Secret Diary\Secret Diary.pyproj", "{55293EE1-91BB-4D68-8D53-A97A7EB5E5A7}"
EndProject
Global
	GlobalSection(SolutionConfigurationPlatforms) = preSolution
		Debug|Any CPU = Debug|Any CPU
		Release|Any CPU = Release|Any CPU
	EndGlobalSection
	GlobalSection(ProjectConfigurationPlatforms) = postSolution
		{55293EE1-91BB-4D68-8D53-A97A7EB5E5A7}.Debug|Any CPU.ActiveCfg = Debug|Any CPU
		{55293EE1-91BB-4D68-8D53-A97A7EB5E5A7}.Release|Any CPU.ActiveCfg = Release|Any CPU
	EndGlobalSection
	GlobalSection(SolutionProperties) = preSolution
		HideSolutionNode = FALSE
	EndGlobalSection
	GlobalSection(ExtensibilityGlobals) = postSolution
		SolutionGuid = {747947A7-A25A-4831-A66A-664FA701B2D2}
	EndGlobalSection
EndGlobal
